
Microsoft Visual Studio Solution File, Format Version 12.00
# Visual Studio Version 16
VisualStudioVersion = 16.0.30907.101
MinimumVisualStudioVersion = 10.0.40219.1
Project("{FAE04EC0-301F-11D3-BF4B-00C04F79EFBC}") = "BlogwApplication1", "BlogwApplication1\BlogwApplication1.csproj", "{A3CCF657-99E4-4445-A8E7-1EEC25CC1AFE}"
EndProject
Global
	GlobalSection(SolutionConfigurationPlatforms) = preSolution
		Debug|Any CPU = Debug|Any CPU
		Release|Any CPU = Release|Any CPU
	EndGlobalSection
	GlobalSection(ProjectConfigurationPlatforms) = postSolution
		{A3CCF657-99E4-4445-A8E7-1EEC25CC1AFE}.Debug|Any CPU.ActiveCfg = Debug|Any CPU
		{A3CCF657-99E4-4445-A8E7-1EEC25CC1AFE}.Debug|Any CPU.Build.0 = Debug|Any CPU
		{A3CCF657-99E4-4445-A8E7-1EEC25CC1AFE}.Release|Any CPU.ActiveCfg = Release|Any CPU
		{A3CCF657-99E4-4445-A8E7-1EEC25CC1AFE}.Release|Any CPU.Build.0 = Release|Any CPU
	EndGlobalSection
	GlobalSection(SolutionProperties) = preSolution
		HideSolutionNode = FALSE
	EndGlobalSection
	GlobalSection(ExtensibilityGlobals) = postSolution
		SolutionGuid = {32FABD40-8084-412B-B44C-05C6F98E58C0}
	EndGlobalSection
EndGlobal
